#MicroXplorer Configuration settings - do not modify
CAD.formats=
CAD.pinconfig=
CAD.provider=
File.Version=6
GPIO.groupedBy=Group By Peripherals
KeepUserPlacement=false
Mcu.CPN=STM32H723VGT6
Mcu.Family=STM32H7
Mcu.IP0=CORTEX_M7
Mcu.IP1=DEBUG
Mcu.IP10=USB_DEVICE
Mcu.IP11=USB_OTG_HS
Mcu.IP2=NVIC
Mcu.IP3=OCTOSPI1
Mcu.IP4=RCC
Mcu.IP5=RTC
Mcu.IP6=SPI1
Mcu.IP7=SPI4
Mcu.IP8=SYS
Mcu.IP9=TIM1
Mcu.IPNb=12
Mcu.Name=STM32H723VGTx
Mcu.Package=LQFP100
Mcu.Pin0=PE2
Mcu.Pin1=PC14-OSC32_IN
Mcu.Pin10=PE14
Mcu.Pin11=PD11
Mcu.Pin12=PD12
Mcu.Pin13=PD13
Mcu.Pin14=PA11
Mcu.Pin15=PA12
Mcu.Pin16=PA13(JTMS/SWDIO)
Mcu.Pin17=PA14(JTCK/SWCLK)
Mcu.Pin18=PD6
Mcu.Pin19=PD7
Mcu.Pin2=PC15-OSC32_OUT
Mcu.Pin20=PB3(JTDO/TRACESWO)
Mcu.Pin21=PB4(NJTRST)
Mcu.Pin22=PB6
Mcu.Pin23=VP_OCTOSPI1_VS_quad
Mcu.Pin24=VP_RTC_VS_RTC_Activate
Mcu.Pin25=VP_RTC_VS_RTC_Calendar
Mcu.Pin26=VP_SYS_VS_Systick
Mcu.Pin27=VP_USB_DEVICE_VS_USB_DEVICE_MSC_HS
Mcu.Pin3=PH0-OSC_IN
Mcu.Pin4=PH1-OSC_OUT
Mcu.Pin5=PB2
Mcu.Pin6=PE10
Mcu.Pin7=PE11
Mcu.Pin8=PE12
Mcu.Pin9=PE13
Mcu.PinsNb=28
Mcu.ThirdPartyNb=0
Mcu.UserConstants=
Mcu.UserName=STM32H723VGTx
MxCube.Version=6.8.1
MxDb.Version=DB.6.0.81
NVIC.BusFault_IRQn=true\:0\:0\:false\:false\:true\:false\:false\:false
NVIC.DebugMonitor_IRQn=true\:0\:0\:false\:false\:true\:false\:false\:false
NVIC.ForceEnableDMAVector=true
NVIC.HardFault_IRQn=true\:0\:0\:false\:false\:true\:false\:false\:false
NVIC.MemoryManagement_IRQn=true\:0\:0\:false\:false\:true\:false\:false\:false
NVIC.NonMaskableInt_IRQn=true\:0\:0\:false\:false\:true\:false\:false\:false
NVIC.OTG_HS_IRQn=true\:0\:0\:false\:false\:true\:false\:true\:true
NVIC.PendSV_IRQn=true\:0\:0\:false\:false\:true\:false\:false\:false
NVIC.PriorityGroup=NVIC_PRIORITYGROUP_4
NVIC.SVCall_IRQn=true\:0\:0\:false\:false\:true\:false\:false\:false
NVIC.SysTick_IRQn=true\:15\:0\:false\:false\:true\:false\:true\:false
NVIC.UsageFault_IRQn=true\:0\:0\:false\:false\:true\:false\:false\:false
OCTOSPI1.ChipSelectHighTime=2
OCTOSPI1.ClockMode=HAL_OSPI_CLOCK_MODE_3
OCTOSPI1.ClockPrescaler=3-1
OCTOSPI1.DeviceSize=23
OCTOSPI1.IPParameters=DeviceSize,ChipSelectHighTime,ClockMode,ClockPrescaler,SampleShifting
OCTOSPI1.SampleShifting=HAL_OSPI_SAMPLE_SHIFTING_HALFCYCLE
PA11.Mode=Device_Only_FS
PA11.Signal=USB_OTG_HS_DM
PA12.Mode=Device_Only_FS
PA12.Signal=USB_OTG_HS_DP
PA13(JTMS/SWDIO).Mode=Serial_Wire
PA13(JTMS/SWDIO).Signal=DEBUG_JTMS-SWDIO
PA14(JTCK/SWCLK).Mode=Serial_Wire
PA14(JTCK/SWCLK).Signal=DEBUG_JTCK-SWCLK
PB2.Locked=true
PB2.Mode=O1_P1_CLK
PB2.Signal=OCTOSPIM_P1_CLK
PB3(JTDO/TRACESWO).Locked=true
PB3(JTDO/TRACESWO).Mode=Full_Duplex_Master
PB3(JTDO/TRACESWO).Signal=SPI1_SCK
PB4(NJTRST).Locked=true
PB4(NJTRST).Mode=Full_Duplex_Master
PB4(NJTRST).Signal=SPI1_MISO
PB6.Locked=true
PB6.Mode=OCTOSPI1_Port1_NCS
PB6.Signal=OCTOSPIM_P1_NCS
PC14-OSC32_IN.Mode=LSE-External-Oscillator
PC14-OSC32_IN.Signal=RCC_OSC32_IN
PC15-OSC32_OUT.Mode=LSE-External-Oscillator
PC15-OSC32_OUT.Signal=RCC_OSC32_OUT
PD11.Locked=true
PD11.Mode=OCTOSPI1_IOL_Port1L
PD11.Signal=OCTOSPIM_P1_IO0
PD12.Locked=true
PD12.Mode=OCTOSPI1_IOL_Port1L
PD12.Signal=OCTOSPIM_P1_IO1
PD13.Locked=true
PD13.Mode=OCTOSPI1_IOL_Port1L
PD13.Signal=OCTOSPIM_P1_IO3
PD6.GPIOParameters=GPIO_Label
PD6.GPIO_Label=F_CS
PD6.Locked=true
PD6.Signal=GPIO_Output
PD7.Locked=true
PD7.Mode=Full_Duplex_Master
PD7.Signal=SPI1_MOSI
PE10.Locked=true
PE10.Mode=PWM Generation2 CH2N
PE10.Signal=TIM1_CH2N
PE11.GPIOParameters=GPIO_Label
PE11.GPIO_Label=LCD_CS
PE11.Locked=true
PE11.Signal=GPIO_Output
PE12.Locked=true
PE12.Mode=Simplex_Bidirectional_Master
PE12.Signal=SPI4_SCK
PE13.GPIOParameters=GPIO_Label
PE13.GPIO_Label=LCD_WR_RS
PE13.Locked=true
PE13.Signal=GPIO_Output
PE14.Locked=true
PE14.Mode=Simplex_Bidirectional_Master
PE14.Signal=SPI4_MOSI
PE2.Mode=OCTOSPI1_IOL_Port1L
PE2.Signal=OCTOSPIM_P1_IO2
PH0-OSC_IN.Mode=HSE-External-Oscillator
PH0-OSC_IN.Signal=RCC_OSC_IN
PH1-OSC_OUT.Mode=HSE-External-Oscillator
PH1-OSC_OUT.Signal=RCC_OSC_OUT
PinOutPanel.RotationAngle=0
ProjectManager.AskForMigrate=true
ProjectManager.BackupPrevious=false
ProjectManager.CompilerOptimize=6
ProjectManager.ComputerToolchain=false
ProjectManager.CoupleFile=true
ProjectManager.CustomerFirmwarePackage=
ProjectManager.DefaultFWLocation=true
ProjectManager.DeletePrevious=true
ProjectManager.DeviceId=STM32H723VGTx
ProjectManager.FirmwarePackage=STM32Cube FW_H7 V1.11.0
ProjectManager.FreePins=false
ProjectManager.HalAssertFull=false
ProjectManager.HeapSize=0x2000
ProjectManager.KeepUserCode=true
ProjectManager.LastFirmware=true
ProjectManager.LibraryCopy=1
ProjectManager.MainLocation=Core/Src
ProjectManager.NoMain=false
ProjectManager.PreviousToolchain=
ProjectManager.ProjectBuild=false
ProjectManager.ProjectFileName=06-SPIFlash_Test.ioc
ProjectManager.ProjectName=06-SPIFlash_Test
ProjectManager.ProjectStructure=
ProjectManager.RegisterCallBack=
ProjectManager.StackSize=0x2000
ProjectManager.TargetToolchain=MDK-ARM V5.32
ProjectManager.ToolChainLocation=
ProjectManager.UnderRoot=false
ProjectManager.functionlistsort=1-SystemClock_Config-RCC-false-HAL-false,2-MX_GPIO_Init-GPIO-false-HAL-true,3-MX_RTC_Init-RTC-false-HAL-true,4-MX_SPI1_Init-SPI1-false-HAL-true,5-MX_TIM1_Init-TIM1-false-HAL-true,6-MX_OCTOSPI1_Init-OCTOSPI1-false-HAL-true,7-MX_SPI4_Init-SPI4-false-HAL-true,8-MX_USB_DEVICE_Init-USB_DEVICE-false-HAL-false,0-MX_CORTEX_M7_Init-CORTEX_M7-false-HAL-true
RCC.ADCFreq_Value=50390625
RCC.AHB12Freq_Value=275000000
RCC.AHB4Freq_Value=275000000
RCC.APB1Freq_Value=137500000
RCC.APB2Freq_Value=137500000
RCC.APB3Freq_Value=137500000
RCC.APB4Freq_Value=137500000
RCC.AXIClockFreq_Value=275000000
RCC.CECFreq_Value=32000
RCC.CKPERFreq_Value=64000000
RCC.CortexFreq_Value=550000000
RCC.CpuClockFreq_Value=550000000
RCC.D1CPREFreq_Value=550000000
RCC.D1PPRE=RCC_APB3_DIV2
RCC.D2PPRE1=RCC_APB1_DIV2
RCC.D2PPRE2=RCC_APB2_DIV2
RCC.D3PPRE=RCC_APB4_DIV2
RCC.DFSDMACLkFreq_Value=137500000
RCC.DFSDMFreq_Value=137500000
RCC.DIVM1=5
RCC.DIVN1=110
RCC.DIVP1=1
RCC.DIVP1Freq_Value=550000000
RCC.DIVP2Freq_Value=50390625
RCC.DIVP3Freq_Value=50390625
RCC.DIVQ1=4
RCC.DIVQ1Freq_Value=137500000
RCC.DIVQ2Freq_Value=50390625
RCC.DIVQ3Freq_Value=50390625
RCC.DIVR1Freq_Value=275000000
RCC.DIVR2Freq_Value=50390625
RCC.DIVR3Freq_Value=50390625
RCC.FDCANFreq_Value=137500000
RCC.FMCFreq_Value=275000000
RCC.FamilyName=M
RCC.HCLK3ClockFreq_Value=275000000
RCC.HCLKFreq_Value=275000000
RCC.HPRE=RCC_HCLK_DIV2
RCC.I2C123Freq_Value=137500000
RCC.I2C4Freq_Value=137500000
RCC.IPParameters=ADCFreq_Value,AHB12Freq_Value,AHB4Freq_Value,APB1Freq_Value,APB2Freq_Value,APB3Freq_Value,APB4Freq_Value,AXIClockFreq_Value,CECFreq_Value,CKPERFreq_Value,CortexFreq_Value,CpuClockFreq_Value,D1CPREFreq_Value,D1PPRE,D2PPRE1,D2PPRE2,D3PPRE,DFSDMACLkFreq_Value,DFSDMFreq_Value,DIVM1,DIVN1,DIVP1,DIVP1Freq_Value,DIVP2Freq_Value,DIVP3Freq_Value,DIVQ1,DIVQ1Freq_Value,DIVQ2Freq_Value,DIVQ3Freq_Value,DIVR1Freq_Value,DIVR2Freq_Value,DIVR3Freq_Value,FDCANFreq_Value,FMCFreq_Value,FamilyName,HCLK3ClockFreq_Value,HCLKFreq_Value,HPRE,I2C123Freq_Value,I2C4Freq_Value,LPTIM1Freq_Value,LPTIM2Freq_Value,LPTIM345Freq_Value,LPUART1Freq_Value,LTDCFreq_Value,MCO1PinFreq_Value,MCO2PinFreq_Value,PLL2FRACN,PLL3FRACN,PLLSourceVirtual,QSPICLockSelection,QSPIFreq_Value,RNGFreq_Value,RTCFreq_Value,SAI1Freq_Value,SAI4AFreq_Value,SAI4BFreq_Value,SDMMCFreq_Value,SPDIFRXFreq_Value,SPI123Freq_Value,SPI45Freq_Value,SPI6Freq_Value,SWPMI1Freq_Value,SYSCLKFreq_VALUE,SYSCLKSource,Tim1OutputFreq_Value,Tim2OutputFreq_Value,TraceFreq_Value,USART16Freq_Value,USART234578Freq_Value,USBCLockSelection,USBFreq_Value,VCO1OutputFreq_Value,VCO2OutputFreq_Value,VCO3OutputFreq_Value,VCOInput1Freq_Value,VCOInput2Freq_Value,VCOInput3Freq_Value
RCC.LPTIM1Freq_Value=137500000
RCC.LPTIM2Freq_Value=137500000
RCC.LPTIM345Freq_Value=137500000
RCC.LPUART1Freq_Value=137500000
RCC.LTDCFreq_Value=50390625
RCC.MCO1PinFreq_Value=64000000
RCC.MCO2PinFreq_Value=550000000
RCC.PLL2FRACN=0
RCC.PLL3FRACN=0
RCC.PLLSourceVirtual=RCC_PLLSOURCE_HSE
RCC.QSPICLockSelection=RCC_OSPICLKSOURCE_PLL
RCC.QSPIFreq_Value=137500000
RCC.RNGFreq_Value=48000000
RCC.RTCFreq_Value=32000
RCC.SAI1Freq_Value=137500000
RCC.SAI4AFreq_Value=137500000
RCC.SAI4BFreq_Value=137500000
RCC.SDMMCFreq_Value=137500000
RCC.SPDIFRXFreq_Value=137500000
RCC.SPI123Freq_Value=137500000
RCC.SPI45Freq_Value=137500000
RCC.SPI6Freq_Value=137500000
RCC.SWPMI1Freq_Value=137500000
RCC.SYSCLKFreq_VALUE=550000000
RCC.SYSCLKSource=RCC_SYSCLKSOURCE_PLLCLK
RCC.Tim1OutputFreq_Value=275000000
RCC.Tim2OutputFreq_Value=275000000
RCC.TraceFreq_Value=275000000
RCC.USART16Freq_Value=137500000
RCC.USART234578Freq_Value=137500000
RCC.USBCLockSelection=RCC_USBCLKSOURCE_HSI48
RCC.USBFreq_Value=48000000
RCC.VCO1OutputFreq_Value=550000000
RCC.VCO2OutputFreq_Value=100781250
RCC.VCO3OutputFreq_Value=100781250
RCC.VCOInput1Freq_Value=5000000
RCC.VCOInput2Freq_Value=781250
RCC.VCOInput3Freq_Value=781250
RTC.IPParameters=Year
RTC.Year=23
SPI1.BaudRatePrescaler=SPI_BAUDRATEPRESCALER_4
SPI1.CalculateBaudRate=34.375 MBits/s
SPI1.DataSize=SPI_DATASIZE_8BIT
SPI1.Direction=SPI_DIRECTION_2LINES
SPI1.IPParameters=VirtualType,Mode,Direction,CalculateBaudRate,DataSize,BaudRatePrescaler
SPI1.Mode=SPI_MODE_MASTER
SPI1.VirtualType=VM_MASTER
SPI4.BaudRatePrescaler=SPI_BAUDRATEPRESCALER_8
SPI4.CalculateBaudRate=17.1875 MBits/s
SPI4.DataSize=SPI_DATASIZE_8BIT
SPI4.Direction=SPI_DIRECTION_1LINE
SPI4.IPParameters=VirtualType,Mode,Direction,CalculateBaudRate,BaudRatePrescaler,DataSize
SPI4.Mode=SPI_MODE_MASTER
SPI4.VirtualType=VM_MASTER
TIM1.Channel-PWM\ Generation2\ CH2N=TIM_CHANNEL_2
TIM1.IPParameters=Channel-PWM Generation2 CH2N,Prescaler,Period,OCNPolarity_2
TIM1.OCNPolarity_2=TIM_OCNPOLARITY_LOW
TIM1.Period=1000-1
TIM1.Prescaler=14-1
USB_DEVICE.CLASS_NAME_HS=MSC
USB_DEVICE.IPParameters=VirtualMode,VirtualModeHS,CLASS_NAME_HS,MSC_MEDIA_PACKET
USB_DEVICE.MSC_MEDIA_PACKET=4096
USB_DEVICE.VirtualMode=Msc
USB_DEVICE.VirtualModeHS=Msc_HS
USB_OTG_HS.IPParameters=VirtualMode-Device_Only_FS
USB_OTG_HS.VirtualMode-Device_Only_FS=Device_Only_FS
VP_OCTOSPI1_VS_quad.Mode=quad_mode
VP_OCTOSPI1_VS_quad.Signal=OCTOSPI1_VS_quad
VP_RTC_VS_RTC_Activate.Mode=RTC_Enabled
VP_RTC_VS_RTC_Activate.Signal=RTC_VS_RTC_Activate
VP_RTC_VS_RTC_Calendar.Mode=RTC_Calendar
VP_RTC_VS_RTC_Calendar.Signal=RTC_VS_RTC_Calendar
VP_SYS_VS_Systick.Mode=SysTick
VP_SYS_VS_Systick.Signal=SYS_VS_Systick
VP_USB_DEVICE_VS_USB_DEVICE_MSC_HS.Mode=MSC_HS
VP_USB_DEVICE_VS_USB_DEVICE_MSC_HS.Signal=USB_DEVICE_VS_USB_DEVICE_MSC_HS
board=custom
